
Microsoft Visual Studio Solution File, Format Version 12.00
# Visual Studio Version 17
VisualStudioVersion = 17.5.33627.172
MinimumVisualStudioVersion = 10.0.40219.1
Project("{FAE04EC0-301F-11D3-BF4B-00C04F79EFBC}") = "OOPS_Polimorphism", "OOPS_Polimorphism\OOPS_Polimorphism.csproj", "{AC963906-443F-45C6-B96C-16BDD524408E}"
EndProject
Global
	GlobalSection(SolutionConfigurationPlatforms) = preSolution
		Debug|Any CPU = Debug|Any CPU
		Release|Any CPU = Release|Any CPU
	EndGlobalSection
	GlobalSection(ProjectConfigurationPlatforms) = postSolution
		{AC963906-443F-45C6-B96C-16BDD524408E}.Debug|Any CPU.ActiveCfg = Debug|Any CPU
		{AC963906-443F-45C6-B96C-16BDD524408E}.Debug|Any CPU.Build.0 = Debug|Any CPU
		{AC963906-443F-45C6-B96C-16BDD524408E}.Release|Any CPU.ActiveCfg = Release|Any CPU
		{AC963906-443F-45C6-B96C-16BDD524408E}.Release|Any CPU.Build.0 = Release|Any CPU
	EndGlobalSection
	GlobalSection(SolutionProperties) = preSolution
		HideSolutionNode = FALSE
	EndGlobalSection
	GlobalSection(ExtensibilityGlobals) = postSolution
		SolutionGuid = {9A39D421-F4E6-495F-80D6-5BFE8D89AF8B}
	EndGlobalSection
EndGlobal
